// !$*UTF8*$!
{
	archiveVersion = 1;
	classes = {
	};
	objectVersion = 46;
	objects = {

/* Begin PBXBuildFile section */
		E909FD161A30DF46003537CC /* Condition.swift in Sources */ = {isa = PBXBuildFile; fileRef = E909FD151A30DF46003537CC /* Condition.swift */; };
		E909FD171A30E5A1003537CC /* Condition.swift in Sources */ = {isa = PBXBuildFile; fileRef = E909FD151A30DF46003537CC /* Condition.swift */; };
		E90EB1BA1ADC44220099C923 /* Box.swift in Sources */ = {isa = PBXBuildFile; fileRef = E90EB1B91ADC44220099C923 /* Box.swift */; };
		E90EB1BB1ADC492F0099C923 /* Box.swift in Sources */ = {isa = PBXBuildFile; fileRef = E90EB1B91ADC44220099C923 /* Box.swift */; };
		E90EB1BC1ADC49370099C923 /* Box.swift in Sources */ = {isa = PBXBuildFile; fileRef = E90EB1B91ADC44220099C923 /* Box.swift */; };
		E90EB1BD1ADC493C0099C923 /* Box.swift in Sources */ = {isa = PBXBuildFile; fileRef = E90EB1B91ADC44220099C923 /* Box.swift */; };
		E91E61FF1A6ABB3400543A40 /* SemaphoreTests.swift in Sources */ = {isa = PBXBuildFile; fileRef = E91E61FE1A6ABB3400543A40 /* SemaphoreTests.swift */; };
		E91E62001A6ABFA300543A40 /* SemaphoreTests.swift in Sources */ = {isa = PBXBuildFile; fileRef = E91E61FE1A6ABB3400543A40 /* SemaphoreTests.swift */; };
		E921CEFF1A5F1A130016AF1C /* TryTests.swift in Sources */ = {isa = PBXBuildFile; fileRef = E942A48D1A2FA50D00781DC5 /* TryTests.swift */; };
		E921CF001A5F1A150016AF1C /* FutureTests.swift in Sources */ = {isa = PBXBuildFile; fileRef = E99CE5071A2A65D400D52D0E /* FutureTests.swift */; };
		E921CF011A5F1A240016AF1C /* Try.swift in Sources */ = {isa = PBXBuildFile; fileRef = E99CE5041A2A642600D52D0E /* Try.swift */; };
		E921CF021A5F1A240016AF1C /* Condition.swift in Sources */ = {isa = PBXBuildFile; fileRef = E909FD151A30DF46003537CC /* Condition.swift */; };
		E921CF031A5F1A240016AF1C /* Semaphore.swift in Sources */ = {isa = PBXBuildFile; fileRef = E9F433CF1A33080800F8F0AC /* Semaphore.swift */; };
		E921CF041A5F1A240016AF1C /* Future.swift in Sources */ = {isa = PBXBuildFile; fileRef = E99CE5031A2A642600D52D0E /* Future.swift */; };
		E942A48E1A2FA50D00781DC5 /* TryTests.swift in Sources */ = {isa = PBXBuildFile; fileRef = E942A48D1A2FA50D00781DC5 /* TryTests.swift */; };
		E9546F9C1A30F88E00799DFE /* main.swift in Sources */ = {isa = PBXBuildFile; fileRef = E9546F9B1A30F88E00799DFE /* main.swift */; };
		E9546FA01A31071B00799DFE /* Try.swift in Sources */ = {isa = PBXBuildFile; fileRef = E99CE5041A2A642600D52D0E /* Try.swift */; };
		E9546FA11A31071B00799DFE /* Condition.swift in Sources */ = {isa = PBXBuildFile; fileRef = E909FD151A30DF46003537CC /* Condition.swift */; };
		E9546FA21A31071B00799DFE /* Future.swift in Sources */ = {isa = PBXBuildFile; fileRef = E99CE5031A2A642600D52D0E /* Future.swift */; };
		E96490901A5767690061F232 /* HTMLNode.m in Sources */ = {isa = PBXBuildFile; fileRef = E964908F1A5767690061F232 /* HTMLNode.m */; };
		E96490921A5770B00061F232 /* libxml2.2.dylib in Frameworks */ = {isa = PBXBuildFile; fileRef = E96490911A5770B00061F232 /* libxml2.2.dylib */; };
		E96490971A5784750061F232 /* HTMLDocument.m in Sources */ = {isa = PBXBuildFile; fileRef = E96490961A5784750061F232 /* HTMLDocument.m */; };
		E96490991A57850E0061F232 /* Errors.m in Sources */ = {isa = PBXBuildFile; fileRef = E96490981A57850E0061F232 /* Errors.m */; };
		E99CE4FD1A2A63B700D52D0E /* main.swift in Sources */ = {isa = PBXBuildFile; fileRef = E99CE4FC1A2A63B700D52D0E /* main.swift */; };
		E99CE5081A2A65D400D52D0E /* FutureTests.swift in Sources */ = {isa = PBXBuildFile; fileRef = E99CE5071A2A65D400D52D0E /* FutureTests.swift */; };
		E99CE50A1A2A6A5A00D52D0E /* Future.swift in Sources */ = {isa = PBXBuildFile; fileRef = E99CE5031A2A642600D52D0E /* Future.swift */; };
		E99CE50B1A2A6A5A00D52D0E /* Try.swift in Sources */ = {isa = PBXBuildFile; fileRef = E99CE5041A2A642600D52D0E /* Try.swift */; };
		E99CE50C1A2A6A6B00D52D0E /* Future.swift in Sources */ = {isa = PBXBuildFile; fileRef = E99CE5031A2A642600D52D0E /* Future.swift */; };
		E99CE50D1A2A6A6B00D52D0E /* Try.swift in Sources */ = {isa = PBXBuildFile; fileRef = E99CE5041A2A642600D52D0E /* Try.swift */; };
		E9F433D01A33080800F8F0AC /* Semaphore.swift in Sources */ = {isa = PBXBuildFile; fileRef = E9F433CF1A33080800F8F0AC /* Semaphore.swift */; };
/* End PBXBuildFile section */

/* Begin PBXCopyFilesBuildPhase section */
		E9546F971A30F88E00799DFE /* CopyFiles */ = {
			isa = PBXCopyFilesBuildPhase;
			buildActionMask = 2147483647;
			dstPath = /usr/share/man/man1/;
			dstSubfolderSpec = 0;
			files = (
			);
			runOnlyForDeploymentPostprocessing = 1;
		};
		E99CE4F81A2A63B700D52D0E /* CopyFiles */ = {
			isa = PBXCopyFilesBuildPhase;
			buildActionMask = 2147483647;
			dstPath = /usr/share/man/man1/;
			dstSubfolderSpec = 0;
			files = (
			);
			runOnlyForDeploymentPostprocessing = 1;
		};
/* End PBXCopyFilesBuildPhase section */

/* Begin PBXFileReference section */
		E909FD151A30DF46003537CC /* Condition.swift */ = {isa = PBXFileReference; fileEncoding = 4; lastKnownFileType = sourcecode.swift; path = Condition.swift; sourceTree = "<group>"; };
		E90EB1B91ADC44220099C923 /* Box.swift */ = {isa = PBXFileReference; fileEncoding = 4; lastKnownFileType = sourcecode.swift; path = Box.swift; sourceTree = "<group>"; };
		E91C4ACA1A3364FF00E620AC /* LICENSE.txt */ = {isa = PBXFileReference; lastKnownFileType = text; path = LICENSE.txt; sourceTree = "<group>"; };
		E91C4ACB1A3364FF00E620AC /* README.md */ = {isa = PBXFileReference; lastKnownFileType = net.daringfireball.markdown; path = README.md; sourceTree = "<group>"; };
		E91E61FE1A6ABB3400543A40 /* SemaphoreTests.swift */ = {isa = PBXFileReference; fileEncoding = 4; lastKnownFileType = sourcecode.swift; path = SemaphoreTests.swift; sourceTree = "<group>"; };
		E921CEF61A5F19D60016AF1C /* Test-ios.xctest */ = {isa = PBXFileReference; explicitFileType = wrapper.cfbundle; includeInIndex = 0; path = "Test-ios.xctest"; sourceTree = BUILT_PRODUCTS_DIR; };
		E942A48D1A2FA50D00781DC5 /* TryTests.swift */ = {isa = PBXFileReference; fileEncoding = 4; lastKnownFileType = sourcecode.swift; path = TryTests.swift; sourceTree = "<group>"; };
		E9546F991A30F88E00799DFE /* Benchmark */ = {isa = PBXFileReference; explicitFileType = "compiled.mach-o.executable"; includeInIndex = 0; path = Benchmark; sourceTree = BUILT_PRODUCTS_DIR; };
		E9546F9B1A30F88E00799DFE /* main.swift */ = {isa = PBXFileReference; lastKnownFileType = sourcecode.swift; path = main.swift; sourceTree = "<group>"; };
		E964908C1A57669E0061F232 /* Bridging-Header.h */ = {isa = PBXFileReference; lastKnownFileType = sourcecode.c.h; path = "Bridging-Header.h"; sourceTree = "<group>"; };
		E964908D1A5767330061F232 /* HTMLNode.h */ = {isa = PBXFileReference; lastKnownFileType = sourcecode.c.h; path = HTMLNode.h; sourceTree = "<group>"; };
		E964908F1A5767690061F232 /* HTMLNode.m */ = {isa = PBXFileReference; fileEncoding = 4; lastKnownFileType = sourcecode.c.objc; path = HTMLNode.m; sourceTree = "<group>"; };
		E96490911A5770B00061F232 /* libxml2.2.dylib */ = {isa = PBXFileReference; lastKnownFileType = "compiled.mach-o.dylib"; name = libxml2.2.dylib; path = usr/lib/libxml2.2.dylib; sourceTree = SDKROOT; };
		E96490951A5784750061F232 /* HTMLDocument.h */ = {isa = PBXFileReference; fileEncoding = 4; lastKnownFileType = sourcecode.c.h; path = HTMLDocument.h; sourceTree = "<group>"; };
		E96490961A5784750061F232 /* HTMLDocument.m */ = {isa = PBXFileReference; fileEncoding = 4; lastKnownFileType = sourcecode.c.objc; path = HTMLDocument.m; sourceTree = "<group>"; };
		E96490981A57850E0061F232 /* Errors.m */ = {isa = PBXFileReference; fileEncoding = 4; lastKnownFileType = sourcecode.c.objc; path = Errors.m; sourceTree = "<group>"; };
		E964909A1A5785660061F232 /* Errors.h */ = {isa = PBXFileReference; lastKnownFileType = sourcecode.c.h; path = Errors.h; sourceTree = "<group>"; };
		E99CE4E71A2A635D00D52D0E /* Test-mac.xctest */ = {isa = PBXFileReference; explicitFileType = wrapper.cfbundle; includeInIndex = 0; path = "Test-mac.xctest"; sourceTree = BUILT_PRODUCTS_DIR; };
		E99CE4ED1A2A635D00D52D0E /* Info.plist */ = {isa = PBXFileReference; lastKnownFileType = text.plist.xml; path = Info.plist; sourceTree = "<group>"; };
		E99CE4FA1A2A63B700D52D0E /* Example */ = {isa = PBXFileReference; explicitFileType = "compiled.mach-o.executable"; includeInIndex = 0; path = Example; sourceTree = BUILT_PRODUCTS_DIR; };
		E99CE4FC1A2A63B700D52D0E /* main.swift */ = {isa = PBXFileReference; lastKnownFileType = sourcecode.swift; path = main.swift; sourceTree = "<group>"; };
		E99CE5031A2A642600D52D0E /* Future.swift */ = {isa = PBXFileReference; fileEncoding = 4; lastKnownFileType = sourcecode.swift; path = Future.swift; sourceTree = "<group>"; };
		E99CE5041A2A642600D52D0E /* Try.swift */ = {isa = PBXFileReference; fileEncoding = 4; lastKnownFileType = sourcecode.swift; path = Try.swift; sourceTree = "<group>"; };
		E99CE5071A2A65D400D52D0E /* FutureTests.swift */ = {isa = PBXFileReference; fileEncoding = 4; lastKnownFileType = sourcecode.swift; path = FutureTests.swift; sourceTree = "<group>"; };
		E9F433CF1A33080800F8F0AC /* Semaphore.swift */ = {isa = PBXFileReference; fileEncoding = 4; lastKnownFileType = sourcecode.swift; path = Semaphore.swift; sourceTree = "<group>"; };
/* End PBXFileReference section */

/* Begin PBXFrameworksBuildPhase section */
		E921CEF31A5F19D50016AF1C /* Frameworks */ = {
			isa = PBXFrameworksBuildPhase;
			buildActionMask = 2147483647;
			files = (
			);
			runOnlyForDeploymentPostprocessing = 0;
		};
		E9546F961A30F88E00799DFE /* Frameworks */ = {
			isa = PBXFrameworksBuildPhase;
			buildActionMask = 2147483647;
			files = (
			);
			runOnlyForDeploymentPostprocessing = 0;
		};
		E99CE4E41A2A635D00D52D0E /* Frameworks */ = {
			isa = PBXFrameworksBuildPhase;
			buildActionMask = 2147483647;
			files = (
			);
			runOnlyForDeploymentPostprocessing = 0;
		};
		E99CE4F71A2A63B700D52D0E /* Frameworks */ = {
			isa = PBXFrameworksBuildPhase;
			buildActionMask = 2147483647;
			files = (
				E96490921A5770B00061F232 /* libxml2.2.dylib in Frameworks */,
			);
			runOnlyForDeploymentPostprocessing = 0;
		};
/* End PBXFrameworksBuildPhase section */

/* Begin PBXGroup section */
		E9546F9A1A30F88E00799DFE /* Benchmark */ = {
			isa = PBXGroup;
			children = (
				E9546F9B1A30F88E00799DFE /* main.swift */,
			);
			path = Benchmark;
			sourceTree = "<group>";
		};
		E99CE4D31A2A635D00D52D0E = {
			isa = PBXGroup;
			children = (
				E91C4ACB1A3364FF00E620AC /* README.md */,
				E91C4ACA1A3364FF00E620AC /* LICENSE.txt */,
				E99CE4DE1A2A635D00D52D0E /* Source */,
				E99CE4EB1A2A635D00D52D0E /* Test */,
				E99CE4FB1A2A63B700D52D0E /* Example */,
				E9546F9A1A30F88E00799DFE /* Benchmark */,
				E99CE4DD1A2A635D00D52D0E /* Products */,
			);
			sourceTree = "<group>";
		};
		E99CE4DD1A2A635D00D52D0E /* Products */ = {
			isa = PBXGroup;
			children = (
				E99CE4E71A2A635D00D52D0E /* Test-mac.xctest */,
				E99CE4FA1A2A63B700D52D0E /* Example */,
				E9546F991A30F88E00799DFE /* Benchmark */,
				E921CEF61A5F19D60016AF1C /* Test-ios.xctest */,
			);
			name = Products;
			sourceTree = "<group>";
		};
		E99CE4DE1A2A635D00D52D0E /* Source */ = {
			isa = PBXGroup;
			children = (
				E90EB1B91ADC44220099C923 /* Box.swift */,
				E99CE5041A2A642600D52D0E /* Try.swift */,
				E909FD151A30DF46003537CC /* Condition.swift */,
				E9F433CF1A33080800F8F0AC /* Semaphore.swift */,
				E99CE5031A2A642600D52D0E /* Future.swift */,
			);
			path = Source;
			sourceTree = "<group>";
		};
		E99CE4EB1A2A635D00D52D0E /* Test */ = {
			isa = PBXGroup;
			children = (
				E942A48D1A2FA50D00781DC5 /* TryTests.swift */,
				E91E61FE1A6ABB3400543A40 /* SemaphoreTests.swift */,
				E99CE5071A2A65D400D52D0E /* FutureTests.swift */,
				E99CE4EC1A2A635D00D52D0E /* Supporting Files */,
			);
			path = Test;
			sourceTree = "<group>";
		};
		E99CE4EC1A2A635D00D52D0E /* Supporting Files */ = {
			isa = PBXGroup;
			children = (
				E99CE4ED1A2A635D00D52D0E /* Info.plist */,
			);
			name = "Supporting Files";
			sourceTree = "<group>";
		};
		E99CE4FB1A2A63B700D52D0E /* Example */ = {
			isa = PBXGroup;
			children = (
				E99CE4FC1A2A63B700D52D0E /* main.swift */,
				E964908C1A57669E0061F232 /* Bridging-Header.h */,
				E964909A1A5785660061F232 /* Errors.h */,
				E96490981A57850E0061F232 /* Errors.m */,
				E964908D1A5767330061F232 /* HTMLNode.h */,
				E964908F1A5767690061F232 /* HTMLNode.m */,
				E96490951A5784750061F232 /* HTMLDocument.h */,
				E96490961A5784750061F232 /* HTMLDocument.m */,
				E96490911A5770B00061F232 /* libxml2.2.dylib */,
			);
			path = Example;
			sourceTree = "<group>";
		};
/* End PBXGroup section */

/* Begin PBXNativeTarget section */
		E921CEF51A5F19D50016AF1C /* Test-ios */ = {
			isa = PBXNativeTarget;
			buildConfigurationList = E921CEFE1A5F19D60016AF1C /* Build configuration list for PBXNativeTarget "Test-ios" */;
			buildPhases = (
				E921CEF21A5F19D50016AF1C /* Sources */,
				E921CEF31A5F19D50016AF1C /* Frameworks */,
				E921CEF41A5F19D50016AF1C /* Resources */,
			);
			buildRules = (
			);
			dependencies = (
			);
			name = "Test-ios";
			productName = "Test-ios";
			productReference = E921CEF61A5F19D60016AF1C /* Test-ios.xctest */;
			productType = "com.apple.product-type.bundle.unit-test";
		};
		E9546F981A30F88E00799DFE /* Benchmark */ = {
			isa = PBXNativeTarget;
			buildConfigurationList = E9546F9F1A30F88E00799DFE /* Build configuration list for PBXNativeTarget "Benchmark" */;
			buildPhases = (
				E9546F951A30F88E00799DFE /* Sources */,
				E9546F961A30F88E00799DFE /* Frameworks */,
				E9546F971A30F88E00799DFE /* CopyFiles */,
			);
			buildRules = (
			);
			dependencies = (
			);
			name = Benchmark;
			productName = Benchmark;
			productReference = E9546F991A30F88E00799DFE /* Benchmark */;
			productType = "com.apple.product-type.tool";
		};
		E99CE4E61A2A635D00D52D0E /* Test-mac */ = {
			isa = PBXNativeTarget;
			buildConfigurationList = E99CE4F31A2A635D00D52D0E /* Build configuration list for PBXNativeTarget "Test-mac" */;
			buildPhases = (
				E99CE4E31A2A635D00D52D0E /* Sources */,
				E99CE4E41A2A635D00D52D0E /* Frameworks */,
				E99CE4E51A2A635D00D52D0E /* Resources */,
			);
			buildRules = (
			);
			dependencies = (
			);
			name = "Test-mac";
			productName = Test;
			productReference = E99CE4E71A2A635D00D52D0E /* Test-mac.xctest */;
			productType = "com.apple.product-type.bundle.unit-test";
		};
		E99CE4F91A2A63B700D52D0E /* Example */ = {
			isa = PBXNativeTarget;
			buildConfigurationList = E99CE4FE1A2A63B700D52D0E /* Build configuration list for PBXNativeTarget "Example" */;
			buildPhases = (
				E99CE4F61A2A63B700D52D0E /* Sources */,
				E99CE4F71A2A63B700D52D0E /* Frameworks */,
				E99CE4F81A2A63B700D52D0E /* CopyFiles */,
			);
			buildRules = (
			);
			dependencies = (
			);
			name = Example;
			productName = Example;
			productReference = E99CE4FA1A2A63B700D52D0E /* Example */;
			productType = "com.apple.product-type.tool";
		};
/* End PBXNativeTarget section */

/* Begin PBXProject section */
		E99CE4D41A2A635D00D52D0E /* Project object */ = {
			isa = PBXProject;
			attributes = {
				LastSwiftMigration = 0700;
				LastSwiftUpdateCheck = 0700;
				LastUpgradeCheck = 0700;
				ORGANIZATIONNAME = "Tuomas Kareinen";
				TargetAttributes = {
					E921CEF51A5F19D50016AF1C = {
						CreatedOnToolsVersion = 6.1.1;
					};
					E9546F981A30F88E00799DFE = {
						CreatedOnToolsVersion = 6.1.1;
					};
					E99CE4E61A2A635D00D52D0E = {
						CreatedOnToolsVersion = 6.1;
					};
					E99CE4F91A2A63B700D52D0E = {
						CreatedOnToolsVersion = 6.1;
					};
				};
			};
			buildConfigurationList = E99CE4D71A2A635D00D52D0E /* Build configuration list for PBXProject "MiniFuture" */;
			compatibilityVersion = "Xcode 3.2";
			developmentRegion = English;
			hasScannedForEncodings = 0;
			knownRegions = (
				en,
			);
			mainGroup = E99CE4D31A2A635D00D52D0E;
			productRefGroup = E99CE4DD1A2A635D00D52D0E /* Products */;
			projectDirPath = "";
			projectRoot = "";
			targets = (
				E921CEF51A5F19D50016AF1C /* Test-ios */,
				E99CE4E61A2A635D00D52D0E /* Test-mac */,
				E99CE4F91A2A63B700D52D0E /* Example */,
				E9546F981A30F88E00799DFE /* Benchmark */,
			);
		};
/* End PBXProject section */

/* Begin PBXResourcesBuildPhase section */
		E921CEF41A5F19D50016AF1C /* Resources */ = {
			isa = PBXResourcesBuildPhase;
			buildActionMask = 2147483647;
			files = (
			);
			runOnlyForDeploymentPostprocessing = 0;
		};
		E99CE4E51A2A635D00D52D0E /* Resources */ = {
			isa = PBXResourcesBuildPhase;
			buildActionMask = 2147483647;
			files = (
			);
			runOnlyForDeploymentPostprocessing = 0;
		};
/* End PBXResourcesBuildPhase section */

/* Begin PBXSourcesBuildPhase section */
		E921CEF21A5F19D50016AF1C /* Sources */ = {
			isa = PBXSourcesBuildPhase;
			buildActionMask = 2147483647;
			files = (
				E90EB1BA1ADC44220099C923 /* Box.swift in Sources */,
				E921CF011A5F1A240016AF1C /* Try.swift in Sources */,
				E921CF021A5F1A240016AF1C /* Condition.swift in Sources */,
				E921CF031A5F1A240016AF1C /* Semaphore.swift in Sources */,
				E921CF041A5F1A240016AF1C /* Future.swift in Sources */,
				E921CEFF1A5F1A130016AF1C /* TryTests.swift in Sources */,
				E91E61FF1A6ABB3400543A40 /* SemaphoreTests.swift in Sources */,
				E921CF001A5F1A150016AF1C /* FutureTests.swift in Sources */,
			);
			runOnlyForDeploymentPostprocessing = 0;
		};
		E9546F951A30F88E00799DFE /* Sources */ = {
			isa = PBXSourcesBuildPhase;
			buildActionMask = 2147483647;
			files = (
				E90EB1BD1ADC493C0099C923 /* Box.swift in Sources */,
				E9546FA01A31071B00799DFE /* Try.swift in Sources */,
				E9546FA11A31071B00799DFE /* Condition.swift in Sources */,
				E9546FA21A31071B00799DFE /* Future.swift in Sources */,
				E9546F9C1A30F88E00799DFE /* main.swift in Sources */,
			);
			runOnlyForDeploymentPostprocessing = 0;
		};
		E99CE4E31A2A635D00D52D0E /* Sources */ = {
			isa = PBXSourcesBuildPhase;
			buildActionMask = 2147483647;
			files = (
				E90EB1BB1ADC492F0099C923 /* Box.swift in Sources */,
				E99CE50B1A2A6A5A00D52D0E /* Try.swift in Sources */,
				E909FD161A30DF46003537CC /* Condition.swift in Sources */,
				E9F433D01A33080800F8F0AC /* Semaphore.swift in Sources */,
				E99CE50A1A2A6A5A00D52D0E /* Future.swift in Sources */,
				E942A48E1A2FA50D00781DC5 /* TryTests.swift in Sources */,
				E91E62001A6ABFA300543A40 /* SemaphoreTests.swift in Sources */,
				E99CE5081A2A65D400D52D0E /* FutureTests.swift in Sources */,
			);
			runOnlyForDeploymentPostprocessing = 0;
		};
		E99CE4F61A2A63B700D52D0E /* Sources */ = {
			isa = PBXSourcesBuildPhase;
			buildActionMask = 2147483647;
			files = (
				E90EB1BC1ADC49370099C923 /* Box.swift in Sources */,
				E99CE50D1A2A6A6B00D52D0E /* Try.swift in Sources */,
				E909FD171A30E5A1003537CC /* Condition.swift in Sources */,
				E99CE50C1A2A6A6B00D52D0E /* Future.swift in Sources */,
				E96490991A57850E0061F232 /* Errors.m in Sources */,
				E96490971A5784750061F232 /* HTMLDocument.m in Sources */,
				E96490901A5767690061F232 /* HTMLNode.m in Sources */,
				E99CE4FD1A2A63B700D52D0E /* main.swift in Sources */,
			);
			runOnlyForDeploymentPostprocessing = 0;
		};
/* End PBXSourcesBuildPhase section */

/* Begin XCBuildConfiguration section */
		E921CEFC1A5F19D60016AF1C /* Debug */ = {
			isa = XCBuildConfiguration;
			buildSettings = {
				FRAMEWORK_SEARCH_PATHS = (
					"$(SDKROOT)/Developer/Library/Frameworks",
					"$(inherited)",
				);
				INFOPLIST_FILE = Test/Info.plist;
				IPHONEOS_DEPLOYMENT_TARGET = 8.3;
				LD_RUNPATH_SEARCH_PATHS = "$(inherited) @executable_path/Frameworks @loader_path/Frameworks";
				PRODUCT_BUNDLE_IDENTIFIER = "org.tkareine.$(PRODUCT_NAME:rfc1034identifier)";
				PRODUCT_NAME = "$(TARGET_NAME)";
				SDKROOT = iphoneos;
			};
			name = Debug;
		};
		E921CEFD1A5F19D60016AF1C /* Release */ = {
			isa = XCBuildConfiguration;
			buildSettings = {
				FRAMEWORK_SEARCH_PATHS = (
					"$(SDKROOT)/Developer/Library/Frameworks",
					"$(inherited)",
				);
				INFOPLIST_FILE = Test/Info.plist;
				IPHONEOS_DEPLOYMENT_TARGET = 8.3;
				LD_RUNPATH_SEARCH_PATHS = "$(inherited) @executable_path/Frameworks @loader_path/Frameworks";
				PRODUCT_BUNDLE_IDENTIFIER = "org.tkareine.$(PRODUCT_NAME:rfc1034identifier)";
				PRODUCT_NAME = "$(TARGET_NAME)";
				SDKROOT = iphoneos;
				VALIDATE_PRODUCT = YES;
			};
			name = Release;
		};
		E9546F9D1A30F88E00799DFE /* Debug */ = {
			isa = XCBuildConfiguration;
			buildSettings = {
				DSTROOT = .;
				INSTALL_PATH = /build;
				PRODUCT_NAME = "$(TARGET_NAME)";
			};
			name = Debug;
		};
		E9546F9E1A30F88E00799DFE /* Release */ = {
			isa = XCBuildConfiguration;
			buildSettings = {
				DSTROOT = .;
				INSTALL_PATH = /build;
				PRODUCT_NAME = "$(TARGET_NAME)";
			};
			name = Release;
		};
		E99CE4EE1A2A635D00D52D0E /* Debug */ = {
			isa = XCBuildConfiguration;
			buildSettings = {
				ALWAYS_SEARCH_USER_PATHS = NO;
				CLANG_CXX_LANGUAGE_STANDARD = "gnu++0x";
				CLANG_CXX_LIBRARY = "libc++";
				CLANG_ENABLE_MODULES = YES;
				CLANG_ENABLE_OBJC_ARC = YES;
				CLANG_WARN_BOOL_CONVERSION = YES;
				CLANG_WARN_CONSTANT_CONVERSION = YES;
				CLANG_WARN_DIRECT_OBJC_ISA_USAGE = YES_ERROR;
				CLANG_WARN_EMPTY_BODY = YES;
				CLANG_WARN_ENUM_CONVERSION = YES;
				CLANG_WARN_INT_CONVERSION = YES;
				CLANG_WARN_OBJC_ROOT_CLASS = YES_ERROR;
				CLANG_WARN_UNREACHABLE_CODE = YES;
				CLANG_WARN__DUPLICATE_METHOD_MATCH = YES;
				COPY_PHASE_STRIP = NO;
				ENABLE_STRICT_OBJC_MSGSEND = YES;
				ENABLE_TESTABILITY = YES;
				GCC_C_LANGUAGE_STANDARD = gnu99;
				GCC_DYNAMIC_NO_PIC = NO;
				GCC_OPTIMIZATION_LEVEL = 0;
				GCC_PREPROCESSOR_DEFINITIONS = (
					"DEBUG=1",
					"$(inherited)",
				);
				GCC_SYMBOLS_PRIVATE_EXTERN = NO;
				GCC_TREAT_WARNINGS_AS_ERRORS = YES;
				GCC_WARN_64_TO_32_BIT_CONVERSION = YES;
				GCC_WARN_ABOUT_RETURN_TYPE = YES_ERROR;
				GCC_WARN_UNDECLARED_SELECTOR = YES;
				GCC_WARN_UNINITIALIZED_AUTOS = YES_AGGRESSIVE;
				GCC_WARN_UNUSED_FUNCTION = YES;
				GCC_WARN_UNUSED_VARIABLE = YES;
				MACOSX_DEPLOYMENT_TARGET = 10.10;
				MTL_ENABLE_DEBUG_INFO = YES;
				ONLY_ACTIVE_ARCH = YES;
				RUN_CLANG_STATIC_ANALYZER = YES;
				SDKROOT = macosx;
				SWIFT_OPTIMIZATION_LEVEL = "-Owholemodule";
				WARNING_CFLAGS = (
					"-Wextra",
					"-Wall",
				);
			};
			name = Debug;
		};
		E99CE4EF1A2A635D00D52D0E /* Release */ = {
			isa = XCBuildConfiguration;
			buildSettings = {
				ALWAYS_SEARCH_USER_PATHS = NO;
				CLANG_CXX_LANGUAGE_STANDARD = "gnu++0x";
				CLANG_CXX_LIBRARY = "libc++";
				CLANG_ENABLE_MODULES = YES;
				CLANG_ENABLE_OBJC_ARC = YES;
				CLANG_WARN_BOOL_CONVERSION = YES;
				CLANG_WARN_CONSTANT_CONVERSION = YES;
				CLANG_WARN_DIRECT_OBJC_ISA_USAGE = YES_ERROR;
				CLANG_WARN_EMPTY_BODY = YES;
				CLANG_WARN_ENUM_CONVERSION = YES;
				CLANG_WARN_INT_CONVERSION = YES;
				CLANG_WARN_OBJC_ROOT_CLASS = YES_ERROR;
				CLANG_WARN_UNREACHABLE_CODE = YES;
				CLANG_WARN__DUPLICATE_METHOD_MATCH = YES;
				COPY_PHASE_STRIP = YES;
				DEBUG_INFORMATION_FORMAT = "dwarf-with-dsym";
				ENABLE_NS_ASSERTIONS = NO;
				ENABLE_STRICT_OBJC_MSGSEND = YES;
				GCC_C_LANGUAGE_STANDARD = gnu99;
				GCC_TREAT_WARNINGS_AS_ERRORS = YES;
				GCC_WARN_64_TO_32_BIT_CONVERSION = YES;
				GCC_WARN_ABOUT_RETURN_TYPE = YES_ERROR;
				GCC_WARN_UNDECLARED_SELECTOR = YES;
				GCC_WARN_UNINITIALIZED_AUTOS = YES_AGGRESSIVE;
				GCC_WARN_UNUSED_FUNCTION = YES;
				GCC_WARN_UNUSED_VARIABLE = YES;
				MACOSX_DEPLOYMENT_TARGET = 10.10;
				MTL_ENABLE_DEBUG_INFO = NO;
				RUN_CLANG_STATIC_ANALYZER = YES;
				SDKROOT = macosx;
				SWIFT_OPTIMIZATION_LEVEL = "-Owholemodule";
				WARNING_CFLAGS = (
					"-Wextra",
					"-Wall",
				);
			};
			name = Release;
		};
		E99CE4F41A2A635D00D52D0E /* Debug */ = {
			isa = XCBuildConfiguration;
			buildSettings = {
				CLANG_ENABLE_MODULES = YES;
				COMBINE_HIDPI_IMAGES = YES;
				FRAMEWORK_SEARCH_PATHS = (
					"$(DEVELOPER_FRAMEWORKS_DIR)",
					"$(inherited)",
				);
				INFOPLIST_FILE = Test/Info.plist;
				LD_RUNPATH_SEARCH_PATHS = "$(inherited) @executable_path/../Frameworks @loader_path/../Frameworks";
				PRODUCT_BUNDLE_IDENTIFIER = "org.tkareine.$(PRODUCT_NAME:rfc1034identifier)";
				PRODUCT_NAME = "$(TARGET_NAME)";
			};
			name = Debug;
		};
		E99CE4F51A2A635D00D52D0E /* Release */ = {
			isa = XCBuildConfiguration;
			buildSettings = {
				CLANG_ENABLE_MODULES = YES;
				COMBINE_HIDPI_IMAGES = YES;
				FRAMEWORK_SEARCH_PATHS = (
					"$(DEVELOPER_FRAMEWORKS_DIR)",
					"$(inherited)",
				);
				INFOPLIST_FILE = Test/Info.plist;
				LD_RUNPATH_SEARCH_PATHS = "$(inherited) @executable_path/../Frameworks @loader_path/../Frameworks";
				PRODUCT_BUNDLE_IDENTIFIER = "org.tkareine.$(PRODUCT_NAME:rfc1034identifier)";
				PRODUCT_NAME = "$(TARGET_NAME)";
			};
			name = Release;
		};
		E99CE4FF1A2A63B700D52D0E /* Debug */ = {
			isa = XCBuildConfiguration;
			buildSettings = {
				CLANG_ENABLE_MODULES = YES;
				DSTROOT = .;
				HEADER_SEARCH_PATHS = (
					"$(inherited)",
					/Applications/Xcode.app/Contents/Developer/Toolchains/XcodeDefault.xctoolchain/usr/include,
					$SDKROOT/usr/include/libxml2,
				);
				INSTALL_PATH = /build;
				LD_RUNPATH_SEARCH_PATHS = "$(inherited) @executable_path/../Frameworks @loader_path/../Frameworks";
				OTHER_LDFLAGS = "";
				PRODUCT_NAME = "$(TARGET_NAME)";
				SWIFT_OBJC_BRIDGING_HEADER = "Example/Bridging-Header.h";
			};
			name = Debug;
		};
		E99CE5001A2A63B700D52D0E /* Release */ = {
			isa = XCBuildConfiguration;
			buildSettings = {
				CLANG_ENABLE_MODULES = YES;
				DSTROOT = .;
				HEADER_SEARCH_PATHS = (
					"$(inherited)",
					/Applications/Xcode.app/Contents/Developer/Toolchains/XcodeDefault.xctoolchain/usr/include,
					$SDKROOT/usr/include/libxml2,
				);
				INSTALL_PATH = /build;
				LD_RUNPATH_SEARCH_PATHS = "$(inherited) @executable_path/../Frameworks @loader_path/../Frameworks";
				OTHER_LDFLAGS = "";
				PRODUCT_NAME = "$(TARGET_NAME)";
				SWIFT_OBJC_BRIDGING_HEADER = "Example/Bridging-Header.h";
			};
			name = Release;
		};
/* End XCBuildConfiguration section */

/* Begin XCConfigurationList section */
		E921CEFE1A5F19D60016AF1C /* Build configuration list for PBXNativeTarget "Test-ios" */ = {
			isa = XCConfigurationList;
			buildConfigurations = (
				E921CEFC1A5F19D60016AF1C /* Debug */,
				E921CEFD1A5F19D60016AF1C /* Release */,
			);
			defaultConfigurationIsVisible = 0;
			defaultConfigurationName = Release;
		};
		E9546F9F1A30F88E00799DFE /* Build configuration list for PBXNativeTarget "Benchmark" */ = {
			isa = XCConfigurationList;
			buildConfigurations = (
				E9546F9D1A30F88E00799DFE /* Debug */,
				E9546F9E1A30F88E00799DFE /* Release */,
			);
			defaultConfigurationIsVisible = 0;
			defaultConfigurationName = Release;
		};
		E99CE4D71A2A635D00D52D0E /* Build configuration list for PBXProject "MiniFuture" */ = {
			isa = XCConfigurationList;
			buildConfigurations = (
				E99CE4EE1A2A635D00D52D0E /* Debug */,
				E99CE4EF1A2A635D00D52D0E /* Release */,
			);
			defaultConfigurationIsVisible = 0;
			defaultConfigurationName = Release;
		};
		E99CE4F31A2A635D00D52D0E /* Build configuration list for PBXNativeTarget "Test-mac" */ = {
			isa = XCConfigurationList;
			buildConfigurations = (
				E99CE4F41A2A635D00D52D0E /* Debug */,
				E99CE4F51A2A635D00D52D0E /* Release */,
			);
			defaultConfigurationIsVisible = 0;
			defaultConfigurationName = Release;
		};
		E99CE4FE1A2A63B700D52D0E /* Build configuration list for PBXNativeTarget "Example" */ = {
			isa = XCConfigurationList;
			buildConfigurations = (
				E99CE4FF1A2A63B700D52D0E /* Debug */,
				E99CE5001A2A63B700D52D0E /* Release */,
			);
			defaultConfigurationIsVisible = 0;
			defaultConfigurationName = Release;
		};
/* End XCConfigurationList section */
	};
	rootObject = E99CE4D41A2A635D00D52D0E /* Project object */;
}
